
Microsoft Visual Studio Solution File, Format Version 12.00
# Visual Studio Version 16
VisualStudioVersion = 16.0.31613.86
MinimumVisualStudioVersion = 10.0.40219.1
Project("{FAE04EC0-301F-11D3-BF4B-00C04F79EFBC}") = "bai_5", "bai_5.csproj", "{B0C98832-FD7A-4CDE-9D74-99A9E405B526}"
EndProject
Global
	GlobalSection(SolutionConfigurationPlatforms) = preSolution
		Debug|Any CPU = Debug|Any CPU
		Release|Any CPU = Release|Any CPU
	EndGlobalSection
	GlobalSection(ProjectConfigurationPlatforms) = postSolution
		{B0C98832-FD7A-4CDE-9D74-99A9E405B526}.Debug|Any CPU.ActiveCfg = Debug|Any CPU
		{B0C98832-FD7A-4CDE-9D74-99A9E405B526}.Debug|Any CPU.Build.0 = Debug|Any CPU
		{B0C98832-FD7A-4CDE-9D74-99A9E405B526}.Release|Any CPU.ActiveCfg = Release|Any CPU
		{B0C98832-FD7A-4CDE-9D74-99A9E405B526}.Release|Any CPU.Build.0 = Release|Any CPU
	EndGlobalSection
	GlobalSection(SolutionProperties) = preSolution
		HideSolutionNode = FALSE
	EndGlobalSection
	GlobalSection(ExtensibilityGlobals) = postSolution
		SolutionGuid = {FB5AED68-8535-4A5E-9D99-0D661D6647B4}
	EndGlobalSection
EndGlobal
