
Microsoft Visual Studio Solution File, Format Version 12.00
# Visual Studio Version 16
VisualStudioVersion = 16.0.31613.86
MinimumVisualStudioVersion = 10.0.40219.1
Project("{FAE04EC0-301F-11D3-BF4B-00C04F79EFBC}") = "bai_4", "bai_4.csproj", "{6814BA7C-6255-4ACE-BC16-5F3A05B66C11}"
EndProject
Global
	GlobalSection(SolutionConfigurationPlatforms) = preSolution
		Debug|Any CPU = Debug|Any CPU
		Release|Any CPU = Release|Any CPU
	EndGlobalSection
	GlobalSection(ProjectConfigurationPlatforms) = postSolution
		{6814BA7C-6255-4ACE-BC16-5F3A05B66C11}.Debug|Any CPU.ActiveCfg = Debug|Any CPU
		{6814BA7C-6255-4ACE-BC16-5F3A05B66C11}.Debug|Any CPU.Build.0 = Debug|Any CPU
		{6814BA7C-6255-4ACE-BC16-5F3A05B66C11}.Release|Any CPU.ActiveCfg = Release|Any CPU
		{6814BA7C-6255-4ACE-BC16-5F3A05B66C11}.Release|Any CPU.Build.0 = Release|Any CPU
	EndGlobalSection
	GlobalSection(SolutionProperties) = preSolution
		HideSolutionNode = FALSE
	EndGlobalSection
	GlobalSection(ExtensibilityGlobals) = postSolution
		SolutionGuid = {F00B4472-56D4-4BDF-886C-BCCBD4D5DFA6}
	EndGlobalSection
EndGlobal
